{
    "name": "evpp_module",
    "version": "1.0.0",
    "lockfileVersion": 1,
    "requires": true,
    "dependencies": {
        "@types/node": {
            "version": "7.10.14",
            "resolved": "https://registry.nlark.com/@types/node/download/@types/node-7.10.14.tgz",
            "integrity": "sha1-BvpzGbgTG5aajaShTEh+byirrPc=",
            "dev": true
        },
        "node-addon-api": {
            "version": "1.7.2",
            "resolved": "https://registry.nlark.com/node-addon-api/download/node-addon-api-1.7.2.tgz?cache=0&sync_timestamp=1629893252199&other_urls=https%3A%2F%2Fregistry.nlark.com%2Fnode-addon-api%2Fdownload%2Fnode-addon-api-1.7.2.tgz",
            "integrity": "sha1-PfMLlXILU8JOWZSLSVMrZiRE9U0="
        },
        "typescript": {
            "version": "2.9.2",
            "resolved": "https://registry.nlark.com/typescript/download/typescript-2.9.2.tgz?cache=0&sync_timestamp=1631172372097&other_urls=https%3A%2F%2Fregistry.nlark.com%2Ftypescript%2Fdownload%2Ftypescript-2.9.2.tgz",
            "integrity": "sha1-HL9h0F1rliaSROtqO85L2RTg8Aw=",
            "dev": true
        }
    }
}
